
Microsoft Visual Studio Solution File, Format Version 12.00
# Visual Studio Version 16
VisualStudioVersion = 16.0.31911.196
MinimumVisualStudioVersion = 10.0.40219.1
Project("{FAE04EC0-301F-11D3-BF4B-00C04F79EFBC}") = "Login.Android", "Login\Login.Android\Login.Android.csproj", "{22A7155B-066E-4192-ACFA-BE9BD0CE1419}"
EndProject
Project("{FAE04EC0-301F-11D3-BF4B-00C04F79EFBC}") = "Login.iOS", "Login\Login.iOS\Login.iOS.csproj", "{8AC70EF8-2A09-4C9C-8FA9-6F82F6124204}"
EndProject
Project("{FAE04EC0-301F-11D3-BF4B-00C04F79EFBC}") = "Login", "Login\Login\Login.csproj", "{CACE32B5-F03A-4686-9EFF-F685E0B4D69E}"
EndProject
Global
	GlobalSection(SolutionConfigurationPlatforms) = preSolution
		Debug|Any CPU = Debug|Any CPU
		Debug|iPhone = Debug|iPhone
		Debug|iPhoneSimulator = Debug|iPhoneSimulator
		Release|Any CPU = Release|Any CPU
		Release|iPhone = Release|iPhone
		Release|iPhoneSimulator = Release|iPhoneSimulator
	EndGlobalSection
	GlobalSection(ProjectConfigurationPlatforms) = postSolution
		{22A7155B-066E-4192-ACFA-BE9BD0CE1419}.Debug|Any CPU.ActiveCfg = Debug|Any CPU
		{22A7155B-066E-4192-ACFA-BE9BD0CE1419}.Debug|Any CPU.Build.0 = Debug|Any CPU
		{22A7155B-066E-4192-ACFA-BE9BD0CE1419}.Debug|Any CPU.Deploy.0 = Debug|Any CPU
		{22A7155B-066E-4192-ACFA-BE9BD0CE1419}.Debug|iPhone.ActiveCfg = Debug|Any CPU
		{22A7155B-066E-4192-ACFA-BE9BD0CE1419}.Debug|iPhone.Build.0 = Debug|Any CPU
		{22A7155B-066E-4192-ACFA-BE9BD0CE1419}.Debug|iPhone.Deploy.0 = Debug|Any CPU
		{22A7155B-066E-4192-ACFA-BE9BD0CE1419}.Debug|iPhoneSimulator.ActiveCfg = Debug|Any CPU
		{22A7155B-066E-4192-ACFA-BE9BD0CE1419}.Debug|iPhoneSimulator.Build.0 = Debug|Any CPU
		{22A7155B-066E-4192-ACFA-BE9BD0CE1419}.Debug|iPhoneSimulator.Deploy.0 = Debug|Any CPU
		{22A7155B-066E-4192-ACFA-BE9BD0CE1419}.Release|Any CPU.ActiveCfg = Release|Any CPU
		{22A7155B-066E-4192-ACFA-BE9BD0CE1419}.Release|Any CPU.Build.0 = Release|Any CPU
		{22A7155B-066E-4192-ACFA-BE9BD0CE1419}.Release|Any CPU.Deploy.0 = Release|Any CPU
		{22A7155B-066E-4192-ACFA-BE9BD0CE1419}.Release|iPhone.ActiveCfg = Release|Any CPU
		{22A7155B-066E-4192-ACFA-BE9BD0CE1419}.Release|iPhone.Build.0 = Release|Any CPU
		{22A7155B-066E-4192-ACFA-BE9BD0CE1419}.Release|iPhone.Deploy.0 = Release|Any CPU
		{22A7155B-066E-4192-ACFA-BE9BD0CE1419}.Release|iPhoneSimulator.ActiveCfg = Release|Any CPU
		{22A7155B-066E-4192-ACFA-BE9BD0CE1419}.Release|iPhoneSimulator.Build.0 = Release|Any CPU
		{22A7155B-066E-4192-ACFA-BE9BD0CE1419}.Release|iPhoneSimulator.Deploy.0 = Release|Any CPU
		{8AC70EF8-2A09-4C9C-8FA9-6F82F6124204}.Debug|Any CPU.ActiveCfg = Debug|iPhone
		{8AC70EF8-2A09-4C9C-8FA9-6F82F6124204}.Debug|Any CPU.Build.0 = Debug|iPhone
		{8AC70EF8-2A09-4C9C-8FA9-6F82F6124204}.Debug|Any CPU.Deploy.0 = Debug|iPhone
		{8AC70EF8-2A09-4C9C-8FA9-6F82F6124204}.Debug|iPhone.ActiveCfg = Debug|iPhone
		{8AC70EF8-2A09-4C9C-8FA9-6F82F6124204}.Debug|iPhone.Build.0 = Debug|iPhone
		{8AC70EF8-2A09-4C9C-8FA9-6F82F6124204}.Debug|iPhone.Deploy.0 = Debug|iPhone
		{8AC70EF8-2A09-4C9C-8FA9-6F82F6124204}.Debug|iPhoneSimulator.ActiveCfg = Debug|iPhoneSimulator
		{8AC70EF8-2A09-4C9C-8FA9-6F82F6124204}.Debug|iPhoneSimulator.Build.0 = Debug|iPhoneSimulator
		{8AC70EF8-2A09-4C9C-8FA9-6F82F6124204}.Debug|iPhoneSimulator.Deploy.0 = Debug|iPhoneSimulator
		{8AC70EF8-2A09-4C9C-8FA9-6F82F6124204}.Release|Any CPU.ActiveCfg = Release|iPhoneSimulator
		{8AC70EF8-2A09-4C9C-8FA9-6F82F6124204}.Release|Any CPU.Build.0 = Release|iPhoneSimulator
		{8AC70EF8-2A09-4C9C-8FA9-6F82F6124204}.Release|Any CPU.Deploy.0 = Release|iPhoneSimulator
		{8AC70EF8-2A09-4C9C-8FA9-6F82F6124204}.Release|iPhone.ActiveCfg = Release|iPhone
		{8AC70EF8-2A09-4C9C-8FA9-6F82F6124204}.Release|iPhone.Build.0 = Release|iPhone
		{8AC70EF8-2A09-4C9C-8FA9-6F82F6124204}.Release|iPhone.Deploy.0 = Release|iPhone
		{8AC70EF8-2A09-4C9C-8FA9-6F82F6124204}.Release|iPhoneSimulator.ActiveCfg = Release|iPhoneSimulator
		{8AC70EF8-2A09-4C9C-8FA9-6F82F6124204}.Release|iPhoneSimulator.Build.0 = Release|iPhoneSimulator
		{8AC70EF8-2A09-4C9C-8FA9-6F82F6124204}.Release|iPhoneSimulator.Deploy.0 = Release|iPhoneSimulator
		{CACE32B5-F03A-4686-9EFF-F685E0B4D69E}.Debug|Any CPU.ActiveCfg = Debug|Any CPU
		{CACE32B5-F03A-4686-9EFF-F685E0B4D69E}.Debug|Any CPU.Build.0 = Debug|Any CPU
		{CACE32B5-F03A-4686-9EFF-F685E0B4D69E}.Debug|Any CPU.Deploy.0 = Debug|Any CPU
		{CACE32B5-F03A-4686-9EFF-F685E0B4D69E}.Debug|iPhone.ActiveCfg = Debug|Any CPU
		{CACE32B5-F03A-4686-9EFF-F685E0B4D69E}.Debug|iPhone.Build.0 = Debug|Any CPU
		{CACE32B5-F03A-4686-9EFF-F685E0B4D69E}.Debug|iPhone.Deploy.0 = Debug|Any CPU
		{CACE32B5-F03A-4686-9EFF-F685E0B4D69E}.Debug|iPhoneSimulator.ActiveCfg = Debug|Any CPU
		{CACE32B5-F03A-4686-9EFF-F685E0B4D69E}.Debug|iPhoneSimulator.Build.0 = Debug|Any CPU
		{CACE32B5-F03A-4686-9EFF-F685E0B4D69E}.Debug|iPhoneSimulator.Deploy.0 = Debug|Any CPU
		{CACE32B5-F03A-4686-9EFF-F685E0B4D69E}.Release|Any CPU.ActiveCfg = Release|Any CPU
		{CACE32B5-F03A-4686-9EFF-F685E0B4D69E}.Release|Any CPU.Build.0 = Release|Any CPU
		{CACE32B5-F03A-4686-9EFF-F685E0B4D69E}.Release|Any CPU.Deploy.0 = Release|Any CPU
		{CACE32B5-F03A-4686-9EFF-F685E0B4D69E}.Release|iPhone.ActiveCfg = Release|Any CPU
		{CACE32B5-F03A-4686-9EFF-F685E0B4D69E}.Release|iPhone.Build.0 = Release|Any CPU
		{CACE32B5-F03A-4686-9EFF-F685E0B4D69E}.Release|iPhone.Deploy.0 = Release|Any CPU
		{CACE32B5-F03A-4686-9EFF-F685E0B4D69E}.Release|iPhoneSimulator.ActiveCfg = Release|Any CPU
		{CACE32B5-F03A-4686-9EFF-F685E0B4D69E}.Release|iPhoneSimulator.Build.0 = Release|Any CPU
		{CACE32B5-F03A-4686-9EFF-F685E0B4D69E}.Release|iPhoneSimulator.Deploy.0 = Release|Any CPU
	EndGlobalSection
	GlobalSection(SolutionProperties) = preSolution
		HideSolutionNode = FALSE
	EndGlobalSection
	GlobalSection(ExtensibilityGlobals) = postSolution
		SolutionGuid = {739B8B21-2EAB-4C97-8DD8-0B4839967C34}
	EndGlobalSection
EndGlobal
